
Microsoft Visual Studio Solution File, Format Version 12.00
Project("{FAE04EC0-301F-11D3-BF4B-00C04F79EFBC}") = "navajo-dotnet", "navajo-dotnet\navajo-dotnet.csproj", "{48DE7B27-874B-4E15-B4DD-480259E23D51}"
EndProject
Global
	GlobalSection(SolutionConfigurationPlatforms) = preSolution
		Debug|Any CPU = Debug|Any CPU
		Release|Any CPU = Release|Any CPU
	EndGlobalSection
	GlobalSection(ProjectConfigurationPlatforms) = postSolution
		{48DE7B27-874B-4E15-B4DD-480259E23D51}.Debug|Any CPU.ActiveCfg = Debug|Any CPU
		{48DE7B27-874B-4E15-B4DD-480259E23D51}.Debug|Any CPU.Build.0 = Debug|Any CPU
		{48DE7B27-874B-4E15-B4DD-480259E23D51}.Release|Any CPU.ActiveCfg = Release|Any CPU
		{48DE7B27-874B-4E15-B4DD-480259E23D51}.Release|Any CPU.Build.0 = Release|Any CPU
	EndGlobalSection
EndGlobal
